// !$*UTF8*$!
{
	archiveVersion = 1;
	classes = {
	};
	objectVersion = 46;
	objects = {

/* Begin PBXBuildFile section */
		A87AC0AD19ED0D1B0070F53E /* CommentController.swift in Sources */ = {isa = PBXBuildFile; fileRef = A87AC0AC19ED0D1B0070F53E /* CommentController.swift */; };
		A87AC0B019ED10D90070F53E /* CommentCell.swift in Sources */ = {isa = PBXBuildFile; fileRef = A87AC0AF19ED10D90070F53E /* CommentCell.swift */; };
		A87AC0B219ED10FE0070F53E /* CommentCell.xib in Resources */ = {isa = PBXBuildFile; fileRef = A87AC0B119ED10FE0070F53E /* CommentCell.xib */; };
		A898D37F19E6AC5A00121CE8 /* LaunchScreen.xib in Resources */ = {isa = PBXBuildFile; fileRef = A8C57AB519E6139600AC5DD1 /* LaunchScreen.xib */; };
		A8C57AAD19E6139600AC5DD1 /* AppDelegate.swift in Sources */ = {isa = PBXBuildFile; fileRef = A8C57AAC19E6139600AC5DD1 /* AppDelegate.swift */; };
		A8C57AB419E6139600AC5DD1 /* Images.xcassets in Resources */ = {isa = PBXBuildFile; fileRef = A8C57AB319E6139600AC5DD1 /* Images.xcassets */; };
		A8C57AC319E6139600AC5DD1 /* JokerMostTests.swift in Sources */ = {isa = PBXBuildFile; fileRef = A8C57AC219E6139600AC5DD1 /* JokerMostTests.swift */; };
		A8C57AD519E615AD00AC5DD1 /* avatar.jpg in Resources */ = {isa = PBXBuildFile; fileRef = A8C57AD219E615AD00AC5DD1 /* avatar.jpg */; };
		A8C57AD719E615AD00AC5DD1 /* me.jpeg in Resources */ = {isa = PBXBuildFile; fileRef = A8C57AD419E615AD00AC5DD1 /* me.jpeg */; };
		A8C57AE119E6199900AC5DD1 /* UIViewExtension.swift in Sources */ = {isa = PBXBuildFile; fileRef = A8C57AE019E6199900AC5DD1 /* UIViewExtension.swift */; };
		A8C57AE419E61D6900AC5DD1 /* StringCommonExtension.swift in Sources */ = {isa = PBXBuildFile; fileRef = A8C57AE319E61D6900AC5DD1 /* StringCommonExtension.swift */; };
		A8C57AE719E638FF00AC5DD1 /* HttpRequest.swift in Sources */ = {isa = PBXBuildFile; fileRef = A8C57AE619E638FF00AC5DD1 /* HttpRequest.swift */; };
		A8CAD85019ECF3B9000B6EBD /* PhotoBrowserController.swift in Sources */ = {isa = PBXBuildFile; fileRef = A8CAD84F19ECF3B9000B6EBD /* PhotoBrowserController.swift */; };
		A8DAA07219E652B7008A0836 /* RefreshView.swift in Sources */ = {isa = PBXBuildFile; fileRef = A8DAA07119E652B7008A0836 /* RefreshView.swift */; };
		A8DAA07419E652CC008A0836 /* RefreshView.xib in Resources */ = {isa = PBXBuildFile; fileRef = A8DAA07319E652CC008A0836 /* RefreshView.xib */; };
		A8DAA07619E65948008A0836 /* UIAlertViewExtenstion.swift in Sources */ = {isa = PBXBuildFile; fileRef = A8DAA07519E65948008A0836 /* UIAlertViewExtenstion.swift */; };
		A8DAA07A19E6624D008A0836 /* JokerCell.swift in Sources */ = {isa = PBXBuildFile; fileRef = A8DAA07919E6624D008A0836 /* JokerCell.swift */; };
		A8DAA07C19E66263008A0836 /* JokerCell.xib in Resources */ = {isa = PBXBuildFile; fileRef = A8DAA07B19E66263008A0836 /* JokerCell.xib */; };
		A8DAA0A019E66A7A008A0836 /* MKAnnotationView+WebCache.m in Sources */ = {isa = PBXBuildFile; fileRef = A8DAA08019E66A7A008A0836 /* MKAnnotationView+WebCache.m */; };
		A8DAA0A119E66A7A008A0836 /* NSData+ImageContentType.m in Sources */ = {isa = PBXBuildFile; fileRef = A8DAA08219E66A7A008A0836 /* NSData+ImageContentType.m */; };
		A8DAA0A219E66A7A008A0836 /* SDImageCache.m in Sources */ = {isa = PBXBuildFile; fileRef = A8DAA08419E66A7A008A0836 /* SDImageCache.m */; };
		A8DAA0A319E66A7A008A0836 /* SDWebImageCompat.m in Sources */ = {isa = PBXBuildFile; fileRef = A8DAA08619E66A7A008A0836 /* SDWebImageCompat.m */; };
		A8DAA0A419E66A7A008A0836 /* SDWebImageDecoder.m in Sources */ = {isa = PBXBuildFile; fileRef = A8DAA08819E66A7A008A0836 /* SDWebImageDecoder.m */; };
		A8DAA0A519E66A7A008A0836 /* SDWebImageDownloader.m in Sources */ = {isa = PBXBuildFile; fileRef = A8DAA08A19E66A7A008A0836 /* SDWebImageDownloader.m */; };
		A8DAA0A619E66A7A008A0836 /* SDWebImageDownloaderOperation.m in Sources */ = {isa = PBXBuildFile; fileRef = A8DAA08C19E66A7A008A0836 /* SDWebImageDownloaderOperation.m */; };
		A8DAA0A719E66A7A008A0836 /* SDWebImageManager.m in Sources */ = {isa = PBXBuildFile; fileRef = A8DAA08E19E66A7A008A0836 /* SDWebImageManager.m */; };
		A8DAA0A819E66A7A008A0836 /* SDWebImagePrefetcher.m in Sources */ = {isa = PBXBuildFile; fileRef = A8DAA09119E66A7A008A0836 /* SDWebImagePrefetcher.m */; };
		A8DAA0A919E66A7A008A0836 /* UIButton+WebCache.m in Sources */ = {isa = PBXBuildFile; fileRef = A8DAA09319E66A7A008A0836 /* UIButton+WebCache.m */; };
		A8DAA0AA19E66A7A008A0836 /* UIImage+GIF.m in Sources */ = {isa = PBXBuildFile; fileRef = A8DAA09519E66A7A008A0836 /* UIImage+GIF.m */; };
		A8DAA0AB19E66A7A008A0836 /* UIImage+MultiFormat.m in Sources */ = {isa = PBXBuildFile; fileRef = A8DAA09719E66A7A008A0836 /* UIImage+MultiFormat.m */; };
		A8DAA0AC19E66A7A008A0836 /* UIImage+WebP.m in Sources */ = {isa = PBXBuildFile; fileRef = A8DAA09919E66A7A008A0836 /* UIImage+WebP.m */; };
		A8DAA0AD19E66A7A008A0836 /* UIImageView+HighlightedWebCache.m in Sources */ = {isa = PBXBuildFile; fileRef = A8DAA09B19E66A7A008A0836 /* UIImageView+HighlightedWebCache.m */; };
		A8DAA0AE19E66A7A008A0836 /* UIImageView+WebCache.m in Sources */ = {isa = PBXBuildFile; fileRef = A8DAA09D19E66A7A008A0836 /* UIImageView+WebCache.m */; };
		A8DAA0AF19E66A7A008A0836 /* UIView+WebCacheOperation.m in Sources */ = {isa = PBXBuildFile; fileRef = A8DAA09F19E66A7A008A0836 /* UIView+WebCacheOperation.m */; };
		A8DAA0F819E6B010008A0836 /* AboutController.swift in Sources */ = {isa = PBXBuildFile; fileRef = A8DAA0EA19E6B010008A0836 /* AboutController.swift */; };
		A8DAA0F919E6B010008A0836 /* AboutController.xib in Resources */ = {isa = PBXBuildFile; fileRef = A8DAA0EB19E6B010008A0836 /* AboutController.xib */; };
		A8DAA0FA19E6B010008A0836 /* BaseRefreshController.swift in Sources */ = {isa = PBXBuildFile; fileRef = A8DAA0ED19E6B010008A0836 /* BaseRefreshController.swift */; };
		A8DAA0FB19E6B010008A0836 /* Main.storyboard in Resources */ = {isa = PBXBuildFile; fileRef = A8DAA0EE19E6B010008A0836 /* Main.storyboard */; };
		A8DAA0FC19E6B010008A0836 /* RootTabBarController.swift in Sources */ = {isa = PBXBuildFile; fileRef = A8DAA0EF19E6B010008A0836 /* RootTabBarController.swift */; };
		A8DAA0FD19E6B010008A0836 /* HotController.swift in Sources */ = {isa = PBXBuildFile; fileRef = A8DAA0F119E6B010008A0836 /* HotController.swift */; };
		A8DAA0FE19E6B010008A0836 /* LatestController.swift in Sources */ = {isa = PBXBuildFile; fileRef = A8DAA0F419E6B010008A0836 /* LatestController.swift */; };
		A8DAA0FF19E6B010008A0836 /* TruthController.swift in Sources */ = {isa = PBXBuildFile; fileRef = A8DAA0F719E6B010008A0836 /* TruthController.swift */; };
/* End PBXBuildFile section */

/* Begin PBXContainerItemProxy section */
		A8C57ABD19E6139600AC5DD1 /* PBXContainerItemProxy */ = {
			isa = PBXContainerItemProxy;
			containerPortal = A8C57A9F19E6139600AC5DD1 /* Project object */;
			proxyType = 1;
			remoteGlobalIDString = A8C57AA619E6139600AC5DD1;
			remoteInfo = JokerMost;
		};
/* End PBXContainerItemProxy section */

/* Begin PBXFileReference section */
		A87AC0AC19ED0D1B0070F53E /* CommentController.swift */ = {isa = PBXFileReference; fileEncoding = 4; lastKnownFileType = sourcecode.swift; path = CommentController.swift; sourceTree = "<group>"; };
		A87AC0AF19ED10D90070F53E /* CommentCell.swift */ = {isa = PBXFileReference; fileEncoding = 4; lastKnownFileType = sourcecode.swift; name = CommentCell.swift; path = Views/Cells/CommentCell/CommentCell.swift; sourceTree = "<group>"; };
		A87AC0B119ED10FE0070F53E /* CommentCell.xib */ = {isa = PBXFileReference; fileEncoding = 4; lastKnownFileType = file.xib; name = CommentCell.xib; path = Views/Cells/CommentCell/CommentCell.xib; sourceTree = "<group>"; };
		A8C57AA719E6139600AC5DD1 /* JokerMost.app */ = {isa = PBXFileReference; explicitFileType = wrapper.application; includeInIndex = 0; path = JokerMost.app; sourceTree = BUILT_PRODUCTS_DIR; };
		A8C57AAB19E6139600AC5DD1 /* Info.plist */ = {isa = PBXFileReference; lastKnownFileType = text.plist.xml; path = Info.plist; sourceTree = "<group>"; };
		A8C57AAC19E6139600AC5DD1 /* AppDelegate.swift */ = {isa = PBXFileReference; lastKnownFileType = sourcecode.swift; path = AppDelegate.swift; sourceTree = "<group>"; };
		A8C57AB319E6139600AC5DD1 /* Images.xcassets */ = {isa = PBXFileReference; lastKnownFileType = folder.assetcatalog; path = Images.xcassets; sourceTree = "<group>"; };
		A8C57AB619E6139600AC5DD1 /* Base */ = {isa = PBXFileReference; lastKnownFileType = file.xib; name = Base; path = Base.lproj/LaunchScreen.xib; sourceTree = "<group>"; };
		A8C57ABC19E6139600AC5DD1 /* JokerMostTests.xctest */ = {isa = PBXFileReference; explicitFileType = wrapper.cfbundle; includeInIndex = 0; path = JokerMostTests.xctest; sourceTree = BUILT_PRODUCTS_DIR; };
		A8C57AC119E6139600AC5DD1 /* Info.plist */ = {isa = PBXFileReference; lastKnownFileType = text.plist.xml; path = Info.plist; sourceTree = "<group>"; };
		A8C57AC219E6139600AC5DD1 /* JokerMostTests.swift */ = {isa = PBXFileReference; lastKnownFileType = sourcecode.swift; path = JokerMostTests.swift; sourceTree = "<group>"; };
		A8C57AD219E615AD00AC5DD1 /* avatar.jpg */ = {isa = PBXFileReference; lastKnownFileType = image.jpeg; name = avatar.jpg; path = Images/avatar.jpg; sourceTree = "<group>"; };
		A8C57AD419E615AD00AC5DD1 /* me.jpeg */ = {isa = PBXFileReference; lastKnownFileType = image.jpeg; name = me.jpeg; path = Images/me.jpeg; sourceTree = "<group>"; };
		A8C57AE019E6199900AC5DD1 /* UIViewExtension.swift */ = {isa = PBXFileReference; fileEncoding = 4; lastKnownFileType = sourcecode.swift; name = UIViewExtension.swift; path = Utilities/Extensions/UIViewExtensions/UIViewExtension.swift; sourceTree = "<group>"; };
		A8C57AE319E61D6900AC5DD1 /* StringCommonExtension.swift */ = {isa = PBXFileReference; fileEncoding = 4; lastKnownFileType = sourcecode.swift; name = StringCommonExtension.swift; path = Utilities/Extensions/StringExtensions/StringCommonExtension.swift; sourceTree = "<group>"; };
		A8C57AE619E638FF00AC5DD1 /* HttpRequest.swift */ = {isa = PBXFileReference; fileEncoding = 4; lastKnownFileType = sourcecode.swift; name = HttpRequest.swift; path = Utilities/Network/HttpRequest.swift; sourceTree = "<group>"; };
		A8CAD84F19ECF3B9000B6EBD /* PhotoBrowserController.swift */ = {isa = PBXFileReference; fileEncoding = 4; lastKnownFileType = sourcecode.swift; path = PhotoBrowserController.swift; sourceTree = "<group>"; };
		A8DAA07119E652B7008A0836 /* RefreshView.swift */ = {isa = PBXFileReference; fileEncoding = 4; lastKnownFileType = sourcecode.swift; name = RefreshView.swift; path = Views/CustomViews/RefreshView.swift; sourceTree = "<group>"; };
		A8DAA07319E652CC008A0836 /* RefreshView.xib */ = {isa = PBXFileReference; fileEncoding = 4; lastKnownFileType = file.xib; name = RefreshView.xib; path = Views/CustomViews/RefreshView.xib; sourceTree = "<group>"; };
		A8DAA07519E65948008A0836 /* UIAlertViewExtenstion.swift */ = {isa = PBXFileReference; fileEncoding = 4; lastKnownFileType = sourcecode.swift; name = UIAlertViewExtenstion.swift; path = Utilities/Extensions/UIAlertViewExtenstions/UIAlertViewExtenstion.swift; sourceTree = "<group>"; };
		A8DAA07919E6624D008A0836 /* JokerCell.swift */ = {isa = PBXFileReference; fileEncoding = 4; lastKnownFileType = sourcecode.swift; name = JokerCell.swift; path = Views/Cells/JokerCell/JokerCell.swift; sourceTree = "<group>"; };
		A8DAA07B19E66263008A0836 /* JokerCell.xib */ = {isa = PBXFileReference; fileEncoding = 4; lastKnownFileType = file.xib; name = JokerCell.xib; path = Views/Cells/JokerCell/JokerCell.xib; sourceTree = "<group>"; };
		A8DAA07F19E66A7A008A0836 /* MKAnnotationView+WebCache.h */ = {isa = PBXFileReference; fileEncoding = 4; lastKnownFileType = sourcecode.c.h; path = "MKAnnotationView+WebCache.h"; sourceTree = "<group>"; };
		A8DAA08019E66A7A008A0836 /* MKAnnotationView+WebCache.m */ = {isa = PBXFileReference; fileEncoding = 4; lastKnownFileType = sourcecode.c.objc; path = "MKAnnotationView+WebCache.m"; sourceTree = "<group>"; };
		A8DAA08119E66A7A008A0836 /* NSData+ImageContentType.h */ = {isa = PBXFileReference; fileEncoding = 4; lastKnownFileType = sourcecode.c.h; path = "NSData+ImageContentType.h"; sourceTree = "<group>"; };
		A8DAA08219E66A7A008A0836 /* NSData+ImageContentType.m */ = {isa = PBXFileReference; fileEncoding = 4; lastKnownFileType = sourcecode.c.objc; path = "NSData+ImageContentType.m"; sourceTree = "<group>"; };
		A8DAA08319E66A7A008A0836 /* SDImageCache.h */ = {isa = PBXFileReference; fileEncoding = 4; lastKnownFileType = sourcecode.c.h; path = SDImageCache.h; sourceTree = "<group>"; };
		A8DAA08419E66A7A008A0836 /* SDImageCache.m */ = {isa = PBXFileReference; fileEncoding = 4; lastKnownFileType = sourcecode.c.objc; path = SDImageCache.m; sourceTree = "<group>"; };
		A8DAA08519E66A7A008A0836 /* SDWebImageCompat.h */ = {isa = PBXFileReference; fileEncoding = 4; lastKnownFileType = sourcecode.c.h; path = SDWebImageCompat.h; sourceTree = "<group>"; };
		A8DAA08619E66A7A008A0836 /* SDWebImageCompat.m */ = {isa = PBXFileReference; fileEncoding = 4; lastKnownFileType = sourcecode.c.objc; path = SDWebImageCompat.m; sourceTree = "<group>"; };
		A8DAA08719E66A7A008A0836 /* SDWebImageDecoder.h */ = {isa = PBXFileReference; fileEncoding = 4; lastKnownFileType = sourcecode.c.h; path = SDWebImageDecoder.h; sourceTree = "<group>"; };
		A8DAA08819E66A7A008A0836 /* SDWebImageDecoder.m */ = {isa = PBXFileReference; fileEncoding = 4; lastKnownFileType = sourcecode.c.objc; path = SDWebImageDecoder.m; sourceTree = "<group>"; };
		A8DAA08919E66A7A008A0836 /* SDWebImageDownloader.h */ = {isa = PBXFileReference; fileEncoding = 4; lastKnownFileType = sourcecode.c.h; path = SDWebImageDownloader.h; sourceTree = "<group>"; };
		A8DAA08A19E66A7A008A0836 /* SDWebImageDownloader.m */ = {isa = PBXFileReference; fileEncoding = 4; lastKnownFileType = sourcecode.c.objc; path = SDWebImageDownloader.m; sourceTree = "<group>"; };
		A8DAA08B19E66A7A008A0836 /* SDWebImageDownloaderOperation.h */ = {isa = PBXFileReference; fileEncoding = 4; lastKnownFileType = sourcecode.c.h; path = SDWebImageDownloaderOperation.h; sourceTree = "<group>"; };
		A8DAA08C19E66A7A008A0836 /* SDWebImageDownloaderOperation.m */ = {isa = PBXFileReference; fileEncoding = 4; lastKnownFileType = sourcecode.c.objc; path = SDWebImageDownloaderOperation.m; sourceTree = "<group>"; };
		A8DAA08D19E66A7A008A0836 /* SDWebImageManager.h */ = {isa = PBXFileReference; fileEncoding = 4; lastKnownFileType = sourcecode.c.h; path = SDWebImageManager.h; sourceTree = "<group>"; };
		A8DAA08E19E66A7A008A0836 /* SDWebImageManager.m */ = {isa = PBXFileReference; fileEncoding = 4; lastKnownFileType = sourcecode.c.objc; path = SDWebImageManager.m; sourceTree = "<group>"; };
		A8DAA08F19E66A7A008A0836 /* SDWebImageOperation.h */ = {isa = PBXFileReference; fileEncoding = 4; lastKnownFileType = sourcecode.c.h; path = SDWebImageOperation.h; sourceTree = "<group>"; };
		A8DAA09019E66A7A008A0836 /* SDWebImagePrefetcher.h */ = {isa = PBXFileReference; fileEncoding = 4; lastKnownFileType = sourcecode.c.h; path = SDWebImagePrefetcher.h; sourceTree = "<group>"; };
		A8DAA09119E66A7A008A0836 /* SDWebImagePrefetcher.m */ = {isa = PBXFileReference; fileEncoding = 4; lastKnownFileType = sourcecode.c.objc; path = SDWebImagePrefetcher.m; sourceTree = "<group>"; };
		A8DAA09219E66A7A008A0836 /* UIButton+WebCache.h */ = {isa = PBXFileReference; fileEncoding = 4; lastKnownFileType = sourcecode.c.h; path = "UIButton+WebCache.h"; sourceTree = "<group>"; };
		A8DAA09319E66A7A008A0836 /* UIButton+WebCache.m */ = {isa = PBXFileReference; fileEncoding = 4; lastKnownFileType = sourcecode.c.objc; path = "UIButton+WebCache.m"; sourceTree = "<group>"; };
		A8DAA09419E66A7A008A0836 /* UIImage+GIF.h */ = {isa = PBXFileReference; fileEncoding = 4; lastKnownFileType = sourcecode.c.h; path = "UIImage+GIF.h"; sourceTree = "<group>"; };
		A8DAA09519E66A7A008A0836 /* UIImage+GIF.m */ = {isa = PBXFileReference; fileEncoding = 4; lastKnownFileType = sourcecode.c.objc; path = "UIImage+GIF.m"; sourceTree = "<group>"; };
		A8DAA09619E66A7A008A0836 /* UIImage+MultiFormat.h */ = {isa = PBXFileReference; fileEncoding = 4; lastKnownFileType = sourcecode.c.h; path = "UIImage+MultiFormat.h"; sourceTree = "<group>"; };
		A8DAA09719E66A7A008A0836 /* UIImage+MultiFormat.m */ = {isa = PBXFileReference; fileEncoding = 4; lastKnownFileType = sourcecode.c.objc; path = "UIImage+MultiFormat.m"; sourceTree = "<group>"; };
		A8DAA09819E66A7A008A0836 /* UIImage+WebP.h */ = {isa = PBXFileReference; fileEncoding = 4; lastKnownFileType = sourcecode.c.h; path = "UIImage+WebP.h"; sourceTree = "<group>"; };
		A8DAA09919E66A7A008A0836 /* UIImage+WebP.m */ = {isa = PBXFileReference; fileEncoding = 4; lastKnownFileType = sourcecode.c.objc; path = "UIImage+WebP.m"; sourceTree = "<group>"; };
		A8DAA09A19E66A7A008A0836 /* UIImageView+HighlightedWebCache.h */ = {isa = PBXFileReference; fileEncoding = 4; lastKnownFileType = sourcecode.c.h; path = "UIImageView+HighlightedWebCache.h"; sourceTree = "<group>"; };
		A8DAA09B19E66A7A008A0836 /* UIImageView+HighlightedWebCache.m */ = {isa = PBXFileReference; fileEncoding = 4; lastKnownFileType = sourcecode.c.objc; path = "UIImageView+HighlightedWebCache.m"; sourceTree = "<group>"; };
		A8DAA09C19E66A7A008A0836 /* UIImageView+WebCache.h */ = {isa = PBXFileReference; fileEncoding = 4; lastKnownFileType = sourcecode.c.h; path = "UIImageView+WebCache.h"; sourceTree = "<group>"; };
		A8DAA09D19E66A7A008A0836 /* UIImageView+WebCache.m */ = {isa = PBXFileReference; fileEncoding = 4; lastKnownFileType = sourcecode.c.objc; path = "UIImageView+WebCache.m"; sourceTree = "<group>"; };
		A8DAA09E19E66A7A008A0836 /* UIView+WebCacheOperation.h */ = {isa = PBXFileReference; fileEncoding = 4; lastKnownFileType = sourcecode.c.h; path = "UIView+WebCacheOperation.h"; sourceTree = "<group>"; };
		A8DAA09F19E66A7A008A0836 /* UIView+WebCacheOperation.m */ = {isa = PBXFileReference; fileEncoding = 4; lastKnownFileType = sourcecode.c.objc; path = "UIView+WebCacheOperation.m"; sourceTree = "<group>"; };
		A8DAA0B019E66A9F008A0836 /* Swift-ObjectiveC-Bridge.h */ = {isa = PBXFileReference; lastKnownFileType = sourcecode.c.h; path = "Swift-ObjectiveC-Bridge.h"; sourceTree = "<group>"; };
		A8DAA0EA19E6B010008A0836 /* AboutController.swift */ = {isa = PBXFileReference; fileEncoding = 4; lastKnownFileType = sourcecode.swift; path = AboutController.swift; sourceTree = "<group>"; };
		A8DAA0EB19E6B010008A0836 /* AboutController.xib */ = {isa = PBXFileReference; fileEncoding = 4; lastKnownFileType = file.xib; path = AboutController.xib; sourceTree = "<group>"; };
		A8DAA0ED19E6B010008A0836 /* BaseRefreshController.swift */ = {isa = PBXFileReference; fileEncoding = 4; lastKnownFileType = sourcecode.swift; path = BaseRefreshController.swift; sourceTree = "<group>"; };
		A8DAA0EE19E6B010008A0836 /* Main.storyboard */ = {isa = PBXFileReference; fileEncoding = 4; lastKnownFileType = file.storyboard; path = Main.storyboard; sourceTree = "<group>"; };
		A8DAA0EF19E6B010008A0836 /* RootTabBarController.swift */ = {isa = PBXFileReference; fileEncoding = 4; lastKnownFileType = sourcecode.swift; path = RootTabBarController.swift; sourceTree = "<group>"; };
		A8DAA0F119E6B010008A0836 /* HotController.swift */ = {isa = PBXFileReference; fileEncoding = 4; lastKnownFileType = sourcecode.swift; path = HotController.swift; sourceTree = "<group>"; };
		A8DAA0F419E6B010008A0836 /* LatestController.swift */ = {isa = PBXFileReference; fileEncoding = 4; lastKnownFileType = sourcecode.swift; path = LatestController.swift; sourceTree = "<group>"; };
		A8DAA0F719E6B010008A0836 /* TruthController.swift */ = {isa = PBXFileReference; fileEncoding = 4; lastKnownFileType = sourcecode.swift; path = TruthController.swift; sourceTree = "<group>"; };
/* End PBXFileReference section */

/* Begin PBXFrameworksBuildPhase section */
		A8C57AA419E6139600AC5DD1 /* Frameworks */ = {
			isa = PBXFrameworksBuildPhase;
			buildActionMask = 2147483647;
			files = (
			);
			runOnlyForDeploymentPostprocessing = 0;
		};
		A8C57AB919E6139600AC5DD1 /* Frameworks */ = {
			isa = PBXFrameworksBuildPhase;
			buildActionMask = 2147483647;
			files = (
			);
			runOnlyForDeploymentPostprocessing = 0;
		};
/* End PBXFrameworksBuildPhase section */

/* Begin PBXGroup section */
		A87AC0AE19ED10B30070F53E /* CommentCell */ = {
			isa = PBXGroup;
			children = (
				A87AC0AF19ED10D90070F53E /* CommentCell.swift */,
				A87AC0B119ED10FE0070F53E /* CommentCell.xib */,
			);
			name = CommentCell;
			sourceTree = "<group>";
		};
		A8C57A9E19E6139600AC5DD1 = {
			isa = PBXGroup;
			children = (
				A8C57AA919E6139600AC5DD1 /* JokerMost */,
				A8C57ABF19E6139600AC5DD1 /* JokerMostTests */,
				A8C57AA819E6139600AC5DD1 /* Products */,
			);
			sourceTree = "<group>";
		};
		A8C57AA819E6139600AC5DD1 /* Products */ = {
			isa = PBXGroup;
			children = (
				A8C57AA719E6139600AC5DD1 /* JokerMost.app */,
				A8C57ABC19E6139600AC5DD1 /* JokerMostTests.xctest */,
			);
			name = Products;
			sourceTree = "<group>";
		};
		A8C57AA919E6139600AC5DD1 /* JokerMost */ = {
			isa = PBXGroup;
			children = (
				A8DAA0E819E6B010008A0836 /* Controllers */,
				A8DAA07D19E66A5B008A0836 /* OpenSourceLibrary */,
				A8C57AD019E6145A00AC5DD1 /* Models */,
				A8C57ACF19E6145600AC5DD1 /* Views */,
				A8C57ACD19E6143700AC5DD1 /* Utilities */,
				A8C57AD819E616A000AC5DD1 /* AppDelegate */,
				A8C57AAA19E6139600AC5DD1 /* Supporting Files */,
			);
			path = JokerMost;
			sourceTree = "<group>";
		};
		A8C57AAA19E6139600AC5DD1 /* Supporting Files */ = {
			isa = PBXGroup;
			children = (
				A8C57AD119E6157200AC5DD1 /* Images */,
				A8C57ACC19E6141700AC5DD1 /* DefaultFiles */,
			);
			name = "Supporting Files";
			sourceTree = "<group>";
		};
		A8C57ABF19E6139600AC5DD1 /* JokerMostTests */ = {
			isa = PBXGroup;
			children = (
				A8C57AC219E6139600AC5DD1 /* JokerMostTests.swift */,
				A8C57AC019E6139600AC5DD1 /* Supporting Files */,
			);
			path = JokerMostTests;
			sourceTree = "<group>";
		};
		A8C57AC019E6139600AC5DD1 /* Supporting Files */ = {
			isa = PBXGroup;
			children = (
				A8C57AC119E6139600AC5DD1 /* Info.plist */,
			);
			name = "Supporting Files";
			sourceTree = "<group>";
		};
		A8C57ACC19E6141700AC5DD1 /* DefaultFiles */ = {
			isa = PBXGroup;
			children = (
				A8C57AB319E6139600AC5DD1 /* Images.xcassets */,
				A8C57AB519E6139600AC5DD1 /* LaunchScreen.xib */,
				A8C57AAB19E6139600AC5DD1 /* Info.plist */,
				A8DAA0B019E66A9F008A0836 /* Swift-ObjectiveC-Bridge.h */,
			);
			name = DefaultFiles;
			sourceTree = "<group>";
		};
		A8C57ACD19E6143700AC5DD1 /* Utilities */ = {
			isa = PBXGroup;
			children = (
				A8C57AE519E638EC00AC5DD1 /* Network */,
				A8C57ADE19E6193000AC5DD1 /* Extensitions */,
			);
			name = Utilities;
			sourceTree = "<group>";
		};
		A8C57ACF19E6145600AC5DD1 /* Views */ = {
			isa = PBXGroup;
			children = (
				A8DAA07019E652A4008A0836 /* Cells */,
				A8DAA06F19E6529C008A0836 /* CustomViews */,
			);
			name = Views;
			sourceTree = "<group>";
		};
		A8C57AD019E6145A00AC5DD1 /* Models */ = {
			isa = PBXGroup;
			children = (
			);
			name = Models;
			sourceTree = "<group>";
		};
		A8C57AD119E6157200AC5DD1 /* Images */ = {
			isa = PBXGroup;
			children = (
				A8C57AD219E615AD00AC5DD1 /* avatar.jpg */,
				A8C57AD419E615AD00AC5DD1 /* me.jpeg */,
			);
			name = Images;
			sourceTree = "<group>";
		};
		A8C57AD819E616A000AC5DD1 /* AppDelegate */ = {
			isa = PBXGroup;
			children = (
				A8C57AAC19E6139600AC5DD1 /* AppDelegate.swift */,
			);
			name = AppDelegate;
			sourceTree = "<group>";
		};
		A8C57ADE19E6193000AC5DD1 /* Extensitions */ = {
			isa = PBXGroup;
			children = (
				A8DAA07719E6596B008A0836 /* UIAlertViewExtensions */,
				A8C57AE219E61CED00AC5DD1 /* StringExtensions */,
				A8C57ADF19E6194800AC5DD1 /* UIViewExtensions */,
			);
			name = Extensitions;
			sourceTree = "<group>";
		};
		A8C57ADF19E6194800AC5DD1 /* UIViewExtensions */ = {
			isa = PBXGroup;
			children = (
				A8C57AE019E6199900AC5DD1 /* UIViewExtension.swift */,
			);
			name = UIViewExtensions;
			sourceTree = "<group>";
		};
		A8C57AE219E61CED00AC5DD1 /* StringExtensions */ = {
			isa = PBXGroup;
			children = (
				A8C57AE319E61D6900AC5DD1 /* StringCommonExtension.swift */,
			);
			name = StringExtensions;
			sourceTree = "<group>";
		};
		A8C57AE519E638EC00AC5DD1 /* Network */ = {
			isa = PBXGroup;
			children = (
				A8C57AE619E638FF00AC5DD1 /* HttpRequest.swift */,
			);
			name = Network;
			sourceTree = "<group>";
		};
		A8DAA06F19E6529C008A0836 /* CustomViews */ = {
			isa = PBXGroup;
			children = (
				A8DAA07119E652B7008A0836 /* RefreshView.swift */,
				A8DAA07319E652CC008A0836 /* RefreshView.xib */,
			);
			name = CustomViews;
			sourceTree = "<group>";
		};
		A8DAA07019E652A4008A0836 /* Cells */ = {
			isa = PBXGroup;
			children = (
				A87AC0AE19ED10B30070F53E /* CommentCell */,
				A8DAA07819E6622F008A0836 /* JokerCell */,
			);
			name = Cells;
			sourceTree = "<group>";
		};
		A8DAA07719E6596B008A0836 /* UIAlertViewExtensions */ = {
			isa = PBXGroup;
			children = (
				A8DAA07519E65948008A0836 /* UIAlertViewExtenstion.swift */,
			);
			name = UIAlertViewExtensions;
			sourceTree = "<group>";
		};
		A8DAA07819E6622F008A0836 /* JokerCell */ = {
			isa = PBXGroup;
			children = (
				A8DAA07919E6624D008A0836 /* JokerCell.swift */,
				A8DAA07B19E66263008A0836 /* JokerCell.xib */,
			);
			name = JokerCell;
			sourceTree = "<group>";
		};
		A8DAA07D19E66A5B008A0836 /* OpenSourceLibrary */ = {
			isa = PBXGroup;
			children = (
				A8DAA07E19E66A7A008A0836 /* SDWebImage */,
			);
			name = OpenSourceLibrary;
			sourceTree = "<group>";
		};
		A8DAA07E19E66A7A008A0836 /* SDWebImage */ = {
			isa = PBXGroup;
			children = (
				A8DAA07F19E66A7A008A0836 /* MKAnnotationView+WebCache.h */,
				A8DAA08019E66A7A008A0836 /* MKAnnotationView+WebCache.m */,
				A8DAA08119E66A7A008A0836 /* NSData+ImageContentType.h */,
				A8DAA08219E66A7A008A0836 /* NSData+ImageContentType.m */,
				A8DAA08319E66A7A008A0836 /* SDImageCache.h */,
				A8DAA08419E66A7A008A0836 /* SDImageCache.m */,
				A8DAA08519E66A7A008A0836 /* SDWebImageCompat.h */,
				A8DAA08619E66A7A008A0836 /* SDWebImageCompat.m */,
				A8DAA08719E66A7A008A0836 /* SDWebImageDecoder.h */,
				A8DAA08819E66A7A008A0836 /* SDWebImageDecoder.m */,
				A8DAA08919E66A7A008A0836 /* SDWebImageDownloader.h */,
				A8DAA08A19E66A7A008A0836 /* SDWebImageDownloader.m */,
				A8DAA08B19E66A7A008A0836 /* SDWebImageDownloaderOperation.h */,
				A8DAA08C19E66A7A008A0836 /* SDWebImageDownloaderOperation.m */,
				A8DAA08D19E66A7A008A0836 /* SDWebImageManager.h */,
				A8DAA08E19E66A7A008A0836 /* SDWebImageManager.m */,
				A8DAA08F19E66A7A008A0836 /* SDWebImageOperation.h */,
				A8DAA09019E66A7A008A0836 /* SDWebImagePrefetcher.h */,
				A8DAA09119E66A7A008A0836 /* SDWebImagePrefetcher.m */,
				A8DAA09219E66A7A008A0836 /* UIButton+WebCache.h */,
				A8DAA09319E66A7A008A0836 /* UIButton+WebCache.m */,
				A8DAA09419E66A7A008A0836 /* UIImage+GIF.h */,
				A8DAA09519E66A7A008A0836 /* UIImage+GIF.m */,
				A8DAA09619E66A7A008A0836 /* UIImage+MultiFormat.h */,
				A8DAA09719E66A7A008A0836 /* UIImage+MultiFormat.m */,
				A8DAA09819E66A7A008A0836 /* UIImage+WebP.h */,
				A8DAA09919E66A7A008A0836 /* UIImage+WebP.m */,
				A8DAA09A19E66A7A008A0836 /* UIImageView+HighlightedWebCache.h */,
				A8DAA09B19E66A7A008A0836 /* UIImageView+HighlightedWebCache.m */,
				A8DAA09C19E66A7A008A0836 /* UIImageView+WebCache.h */,
				A8DAA09D19E66A7A008A0836 /* UIImageView+WebCache.m */,
				A8DAA09E19E66A7A008A0836 /* UIView+WebCacheOperation.h */,
				A8DAA09F19E66A7A008A0836 /* UIView+WebCacheOperation.m */,
			);
			name = SDWebImage;
			path = OpenSourceLibrary/SDWebImage;
			sourceTree = "<group>";
		};
		A8DAA0E819E6B010008A0836 /* Controllers */ = {
			isa = PBXGroup;
			children = (
				A8DAA0E919E6B010008A0836 /* AboutControllers */,
				A8DAA0EC19E6B010008A0836 /* CommonControllers */,
				A8DAA0F019E6B010008A0836 /* HotControllers */,
				A8DAA0F219E6B010008A0836 /* LatestControllers */,
				A8DAA0F519E6B010008A0836 /* TruthControllers */,
			);
			path = Controllers;
			sourceTree = "<group>";
		};
		A8DAA0E919E6B010008A0836 /* AboutControllers */ = {
			isa = PBXGroup;
			children = (
				A8DAA0EA19E6B010008A0836 /* AboutController.swift */,
				A8DAA0EB19E6B010008A0836 /* AboutController.xib */,
			);
			path = AboutControllers;
			sourceTree = "<group>";
		};
		A8DAA0EC19E6B010008A0836 /* CommonControllers */ = {
			isa = PBXGroup;
			children = (
				A8DAA0ED19E6B010008A0836 /* BaseRefreshController.swift */,
				A8DAA0EE19E6B010008A0836 /* Main.storyboard */,
				A8DAA0EF19E6B010008A0836 /* RootTabBarController.swift */,
				A8CAD84F19ECF3B9000B6EBD /* PhotoBrowserController.swift */,
				A87AC0AC19ED0D1B0070F53E /* CommentController.swift */,
			);
			path = CommonControllers;
			sourceTree = "<group>";
		};
		A8DAA0F019E6B010008A0836 /* HotControllers */ = {
			isa = PBXGroup;
			children = (
				A8DAA0F119E6B010008A0836 /* HotController.swift */,
			);
			path = HotControllers;
			sourceTree = "<group>";
		};
		A8DAA0F219E6B010008A0836 /* LatestControllers */ = {
			isa = PBXGroup;
			children = (
				A8DAA0F319E6B010008A0836 /* LatestController */,
			);
			path = LatestControllers;
			sourceTree = "<group>";
		};
		A8DAA0F319E6B010008A0836 /* LatestController */ = {
			isa = PBXGroup;
			children = (
				A8DAA0F419E6B010008A0836 /* LatestController.swift */,
			);
			path = LatestController;
			sourceTree = "<group>";
		};
		A8DAA0F519E6B010008A0836 /* TruthControllers */ = {
			isa = PBXGroup;
			children = (
				A8DAA0F619E6B010008A0836 /* TruthController */,
			);
			path = TruthControllers;
			sourceTree = "<group>";
		};
		A8DAA0F619E6B010008A0836 /* TruthController */ = {
			isa = PBXGroup;
			children = (
				A8DAA0F719E6B010008A0836 /* TruthController.swift */,
			);
			path = TruthController;
			sourceTree = "<group>";
		};
/* End PBXGroup section */

/* Begin PBXNativeTarget section */
		A8C57AA619E6139600AC5DD1 /* JokerMost */ = {
			isa = PBXNativeTarget;
			buildConfigurationList = A8C57AC619E6139600AC5DD1 /* Build configuration list for PBXNativeTarget "JokerMost" */;
			buildPhases = (
				A8C57AA319E6139600AC5DD1 /* Sources */,
				A8C57AA419E6139600AC5DD1 /* Frameworks */,
				A8C57AA519E6139600AC5DD1 /* Resources */,
			);
			buildRules = (
			);
			dependencies = (
			);
			name = JokerMost;
			productName = JokerMost;
			productReference = A8C57AA719E6139600AC5DD1 /* JokerMost.app */;
			productType = "com.apple.product-type.application";
		};
		A8C57ABB19E6139600AC5DD1 /* JokerMostTests */ = {
			isa = PBXNativeTarget;
			buildConfigurationList = A8C57AC919E6139600AC5DD1 /* Build configuration list for PBXNativeTarget "JokerMostTests" */;
			buildPhases = (
				A8C57AB819E6139600AC5DD1 /* Sources */,
				A8C57AB919E6139600AC5DD1 /* Frameworks */,
				A8C57ABA19E6139600AC5DD1 /* Resources */,
			);
			buildRules = (
			);
			dependencies = (
				A8C57ABE19E6139600AC5DD1 /* PBXTargetDependency */,
			);
			name = JokerMostTests;
			productName = JokerMostTests;
			productReference = A8C57ABC19E6139600AC5DD1 /* JokerMostTests.xctest */;
			productType = "com.apple.product-type.bundle.unit-test";
		};
/* End PBXNativeTarget section */

/* Begin PBXProject section */
		A8C57A9F19E6139600AC5DD1 /* Project object */ = {
			isa = PBXProject;
			attributes = {
				LastUpgradeCheck = 0600;
				ORGANIZATIONNAME = uni2uni;
				TargetAttributes = {
					A8C57AA619E6139600AC5DD1 = {
						CreatedOnToolsVersion = 6.0;
					};
					A8C57ABB19E6139600AC5DD1 = {
						CreatedOnToolsVersion = 6.0;
						TestTargetID = A8C57AA619E6139600AC5DD1;
					};
				};
			};
			buildConfigurationList = A8C57AA219E6139600AC5DD1 /* Build configuration list for PBXProject "JokerMost" */;
			compatibilityVersion = "Xcode 3.2";
			developmentRegion = English;
			hasScannedForEncodings = 0;
			knownRegions = (
				en,
				Base,
			);
			mainGroup = A8C57A9E19E6139600AC5DD1;
			productRefGroup = A8C57AA819E6139600AC5DD1 /* Products */;
			projectDirPath = "";
			projectRoot = "";
			targets = (
				A8C57AA619E6139600AC5DD1 /* JokerMost */,
				A8C57ABB19E6139600AC5DD1 /* JokerMostTests */,
			);
		};
/* End PBXProject section */

/* Begin PBXResourcesBuildPhase section */
		A8C57AA519E6139600AC5DD1 /* Resources */ = {
			isa = PBXResourcesBuildPhase;
			buildActionMask = 2147483647;
			files = (
				A898D37F19E6AC5A00121CE8 /* LaunchScreen.xib in Resources */,
				A8DAA0F919E6B010008A0836 /* AboutController.xib in Resources */,
				A8C57AD519E615AD00AC5DD1 /* avatar.jpg in Resources */,
				A8DAA0FB19E6B010008A0836 /* Main.storyboard in Resources */,
				A8C57AD719E615AD00AC5DD1 /* me.jpeg in Resources */,
				A8DAA07C19E66263008A0836 /* JokerCell.xib in Resources */,
				A87AC0B219ED10FE0070F53E /* CommentCell.xib in Resources */,
				A8C57AB419E6139600AC5DD1 /* Images.xcassets in Resources */,
				A8DAA07419E652CC008A0836 /* RefreshView.xib in Resources */,
			);
			runOnlyForDeploymentPostprocessing = 0;
		};
		A8C57ABA19E6139600AC5DD1 /* Resources */ = {
			isa = PBXResourcesBuildPhase;
			buildActionMask = 2147483647;
			files = (
			);
			runOnlyForDeploymentPostprocessing = 0;
		};
/* End PBXResourcesBuildPhase section */

/* Begin PBXSourcesBuildPhase section */
		A8C57AA319E6139600AC5DD1 /* Sources */ = {
			isa = PBXSourcesBuildPhase;
			buildActionMask = 2147483647;
			files = (
				A8DAA07619E65948008A0836 /* UIAlertViewExtenstion.swift in Sources */,
				A8DAA0FC19E6B010008A0836 /* RootTabBarController.swift in Sources */,
				A8DAA0AC19E66A7A008A0836 /* UIImage+WebP.m in Sources */,
				A87AC0AD19ED0D1B0070F53E /* CommentController.swift in Sources */,
				A8DAA07219E652B7008A0836 /* RefreshView.swift in Sources */,
				A8C57AE119E6199900AC5DD1 /* UIViewExtension.swift in Sources */,
				A8C57AE719E638FF00AC5DD1 /* HttpRequest.swift in Sources */,
				A8C57AAD19E6139600AC5DD1 /* AppDelegate.swift in Sources */,
				A8DAA0A619E66A7A008A0836 /* SDWebImageDownloaderOperation.m in Sources */,
				A8DAA0A219E66A7A008A0836 /* SDImageCache.m in Sources */,
				A8DAA0A319E66A7A008A0836 /* SDWebImageCompat.m in Sources */,
				A8DAA0A119E66A7A008A0836 /* NSData+ImageContentType.m in Sources */,
				A8DAA07A19E6624D008A0836 /* JokerCell.swift in Sources */,
				A8DAA0A719E66A7A008A0836 /* SDWebImageManager.m in Sources */,
				A8DAA0FD19E6B010008A0836 /* HotController.swift in Sources */,
				A8DAA0A519E66A7A008A0836 /* SDWebImageDownloader.m in Sources */,
				A8DAA0AE19E66A7A008A0836 /* UIImageView+WebCache.m in Sources */,
				A8DAA0AD19E66A7A008A0836 /* UIImageView+HighlightedWebCache.m in Sources */,
				A8CAD85019ECF3B9000B6EBD /* PhotoBrowserController.swift in Sources */,
				A8DAA0A019E66A7A008A0836 /* MKAnnotationView+WebCache.m in Sources */,
				A8DAA0FE19E6B010008A0836 /* LatestController.swift in Sources */,
				A8DAA0FA19E6B010008A0836 /* BaseRefreshController.swift in Sources */,
				A8DAA0AA19E66A7A008A0836 /* UIImage+GIF.m in Sources */,
				A8C57AE419E61D6900AC5DD1 /* StringCommonExtension.swift in Sources */,
				A8DAA0A819E66A7A008A0836 /* SDWebImagePrefetcher.m in Sources */,
				A8DAA0FF19E6B010008A0836 /* TruthController.swift in Sources */,
				A8DAA0A919E66A7A008A0836 /* UIButton+WebCache.m in Sources */,
				A8DAA0AB19E66A7A008A0836 /* UIImage+MultiFormat.m in Sources */,
				A8DAA0A419E66A7A008A0836 /* SDWebImageDecoder.m in Sources */,
				A8DAA0AF19E66A7A008A0836 /* UIView+WebCacheOperation.m in Sources */,
				A8DAA0F819E6B010008A0836 /* AboutController.swift in Sources */,
				A87AC0B019ED10D90070F53E /* CommentCell.swift in Sources */,
			);
			runOnlyForDeploymentPostprocessing = 0;
		};
		A8C57AB819E6139600AC5DD1 /* Sources */ = {
			isa = PBXSourcesBuildPhase;
			buildActionMask = 2147483647;
			files = (
				A8C57AC319E6139600AC5DD1 /* JokerMostTests.swift in Sources */,
			);
			runOnlyForDeploymentPostprocessing = 0;
		};
/* End PBXSourcesBuildPhase section */

/* Begin PBXTargetDependency section */
		A8C57ABE19E6139600AC5DD1 /* PBXTargetDependency */ = {
			isa = PBXTargetDependency;
			target = A8C57AA619E6139600AC5DD1 /* JokerMost */;
			targetProxy = A8C57ABD19E6139600AC5DD1 /* PBXContainerItemProxy */;
		};
/* End PBXTargetDependency section */

/* Begin PBXVariantGroup section */
		A8C57AB519E6139600AC5DD1 /* LaunchScreen.xib */ = {
			isa = PBXVariantGroup;
			children = (
				A8C57AB619E6139600AC5DD1 /* Base */,
			);
			name = LaunchScreen.xib;
			sourceTree = "<group>";
		};
/* End PBXVariantGroup section */

/* Begin XCBuildConfiguration section */
		A8C57AC419E6139600AC5DD1 /* Debug */ = {
			isa = XCBuildConfiguration;
			buildSettings = {
				ALWAYS_SEARCH_USER_PATHS = NO;
				CLANG_CXX_LANGUAGE_STANDARD = "gnu++0x";
				CLANG_CXX_LIBRARY = "libc++";
				CLANG_ENABLE_MODULES = YES;
				CLANG_ENABLE_OBJC_ARC = YES;
				CLANG_WARN_BOOL_CONVERSION = YES;
				CLANG_WARN_CONSTANT_CONVERSION = YES;
				CLANG_WARN_DIRECT_OBJC_ISA_USAGE = YES_ERROR;
				CLANG_WARN_EMPTY_BODY = YES;
				CLANG_WARN_ENUM_CONVERSION = YES;
				CLANG_WARN_INT_CONVERSION = YES;
				CLANG_WARN_OBJC_ROOT_CLASS = YES_ERROR;
				CLANG_WARN_UNREACHABLE_CODE = YES;
				CLANG_WARN__DUPLICATE_METHOD_MATCH = YES;
				"CODE_SIGN_IDENTITY[sdk=iphoneos*]" = "iPhone Developer";
				COPY_PHASE_STRIP = NO;
				ENABLE_STRICT_OBJC_MSGSEND = YES;
				GCC_C_LANGUAGE_STANDARD = gnu99;
				GCC_DYNAMIC_NO_PIC = NO;
				GCC_OPTIMIZATION_LEVEL = 0;
				GCC_PREPROCESSOR_DEFINITIONS = (
					"DEBUG=1",
					"$(inherited)",
				);
				GCC_SYMBOLS_PRIVATE_EXTERN = NO;
				GCC_WARN_64_TO_32_BIT_CONVERSION = YES;
				GCC_WARN_ABOUT_RETURN_TYPE = YES_ERROR;
				GCC_WARN_UNDECLARED_SELECTOR = YES;
				GCC_WARN_UNINITIALIZED_AUTOS = YES_AGGRESSIVE;
				GCC_WARN_UNUSED_FUNCTION = YES;
				GCC_WARN_UNUSED_VARIABLE = YES;
				IPHONEOS_DEPLOYMENT_TARGET = 7.0;
				MTL_ENABLE_DEBUG_INFO = YES;
				ONLY_ACTIVE_ARCH = YES;
				SDKROOT = iphoneos;
				SWIFT_OPTIMIZATION_LEVEL = "-Onone";
			};
			name = Debug;
		};
		A8C57AC519E6139600AC5DD1 /* Release */ = {
			isa = XCBuildConfiguration;
			buildSettings = {
				ALWAYS_SEARCH_USER_PATHS = NO;
				CLANG_CXX_LANGUAGE_STANDARD = "gnu++0x";
				CLANG_CXX_LIBRARY = "libc++";
				CLANG_ENABLE_MODULES = YES;
				CLANG_ENABLE_OBJC_ARC = YES;
				CLANG_WARN_BOOL_CONVERSION = YES;
				CLANG_WARN_CONSTANT_CONVERSION = YES;
				CLANG_WARN_DIRECT_OBJC_ISA_USAGE = YES_ERROR;
				CLANG_WARN_EMPTY_BODY = YES;
				CLANG_WARN_ENUM_CONVERSION = YES;
				CLANG_WARN_INT_CONVERSION = YES;
				CLANG_WARN_OBJC_ROOT_CLASS = YES_ERROR;
				CLANG_WARN_UNREACHABLE_CODE = YES;
				CLANG_WARN__DUPLICATE_METHOD_MATCH = YES;
				"CODE_SIGN_IDENTITY[sdk=iphoneos*]" = "iPhone Developer";
				COPY_PHASE_STRIP = YES;
				ENABLE_NS_ASSERTIONS = NO;
				ENABLE_STRICT_OBJC_MSGSEND = YES;
				GCC_C_LANGUAGE_STANDARD = gnu99;
				GCC_WARN_64_TO_32_BIT_CONVERSION = YES;
				GCC_WARN_ABOUT_RETURN_TYPE = YES_ERROR;
				GCC_WARN_UNDECLARED_SELECTOR = YES;
				GCC_WARN_UNINITIALIZED_AUTOS = YES_AGGRESSIVE;
				GCC_WARN_UNUSED_FUNCTION = YES;
				GCC_WARN_UNUSED_VARIABLE = YES;
				IPHONEOS_DEPLOYMENT_TARGET = 7.0;
				MTL_ENABLE_DEBUG_INFO = NO;
				SDKROOT = iphoneos;
				VALIDATE_PRODUCT = YES;
			};
			name = Release;
		};
		A8C57AC719E6139600AC5DD1 /* Debug */ = {
			isa = XCBuildConfiguration;
			buildSettings = {
				ASSETCATALOG_COMPILER_APPICON_NAME = AppIcon;
				ASSETCATALOG_COMPILER_LAUNCHIMAGE_NAME = LaunchImage;
				INFOPLIST_FILE = JokerMost/Info.plist;
				IPHONEOS_DEPLOYMENT_TARGET = 7.0;
				LD_RUNPATH_SEARCH_PATHS = "$(inherited) @executable_path/Frameworks";
				PRODUCT_NAME = "$(TARGET_NAME)";
				SWIFT_OBJC_BRIDGING_HEADER = "JokerMost/Swift-ObjectiveC-Bridge.h";
			};
			name = Debug;
		};
		A8C57AC819E6139600AC5DD1 /* Release */ = {
			isa = XCBuildConfiguration;
			buildSettings = {
				ASSETCATALOG_COMPILER_APPICON_NAME = AppIcon;
				ASSETCATALOG_COMPILER_LAUNCHIMAGE_NAME = LaunchImage;
				INFOPLIST_FILE = JokerMost/Info.plist;
				IPHONEOS_DEPLOYMENT_TARGET = 7.0;
				LD_RUNPATH_SEARCH_PATHS = "$(inherited) @executable_path/Frameworks";
				PRODUCT_NAME = "$(TARGET_NAME)";
				SWIFT_OBJC_BRIDGING_HEADER = "JokerMost/Swift-ObjectiveC-Bridge.h";
			};
			name = Release;
		};
		A8C57ACA19E6139600AC5DD1 /* Debug */ = {
			isa = XCBuildConfiguration;
			buildSettings = {
				BUNDLE_LOADER = "$(TEST_HOST)";
				FRAMEWORK_SEARCH_PATHS = (
					"$(SDKROOT)/Developer/Library/Frameworks",
					"$(inherited)",
				);
				GCC_PREPROCESSOR_DEFINITIONS = (
					"DEBUG=1",
					"$(inherited)",
				);
				INFOPLIST_FILE = JokerMostTests/Info.plist;
				LD_RUNPATH_SEARCH_PATHS = "$(inherited) @executable_path/Frameworks @loader_path/Frameworks";
				PRODUCT_NAME = "$(TARGET_NAME)";
				TEST_HOST = "$(BUILT_PRODUCTS_DIR)/JokerMost.app/JokerMost";
			};
			name = Debug;
		};
		A8C57ACB19E6139600AC5DD1 /* Release */ = {
			isa = XCBuildConfiguration;
			buildSettings = {
				BUNDLE_LOADER = "$(TEST_HOST)";
				FRAMEWORK_SEARCH_PATHS = (
					"$(SDKROOT)/Developer/Library/Frameworks",
					"$(inherited)",
				);
				INFOPLIST_FILE = JokerMostTests/Info.plist;
				LD_RUNPATH_SEARCH_PATHS = "$(inherited) @executable_path/Frameworks @loader_path/Frameworks";
				PRODUCT_NAME = "$(TARGET_NAME)";
				TEST_HOST = "$(BUILT_PRODUCTS_DIR)/JokerMost.app/JokerMost";
			};
			name = Release;
		};
/* End XCBuildConfiguration section */

/* Begin XCConfigurationList section */
		A8C57AA219E6139600AC5DD1 /* Build configuration list for PBXProject "JokerMost" */ = {
			isa = XCConfigurationList;
			buildConfigurations = (
				A8C57AC419E6139600AC5DD1 /* Debug */,
				A8C57AC519E6139600AC5DD1 /* Release */,
			);
			defaultConfigurationIsVisible = 0;
			defaultConfigurationName = Release;
		};
		A8C57AC619E6139600AC5DD1 /* Build configuration list for PBXNativeTarget "JokerMost" */ = {
			isa = XCConfigurationList;
			buildConfigurations = (
				A8C57AC719E6139600AC5DD1 /* Debug */,
				A8C57AC819E6139600AC5DD1 /* Release */,
			);
			defaultConfigurationIsVisible = 0;
			defaultConfigurationName = Release;
		};
		A8C57AC919E6139600AC5DD1 /* Build configuration list for PBXNativeTarget "JokerMostTests" */ = {
			isa = XCConfigurationList;
			buildConfigurations = (
				A8C57ACA19E6139600AC5DD1 /* Debug */,
				A8C57ACB19E6139600AC5DD1 /* Release */,
			);
			defaultConfigurationIsVisible = 0;
			defaultConfigurationName = Release;
		};
/* End XCConfigurationList section */
	};
	rootObject = A8C57A9F19E6139600AC5DD1 /* Project object */;
}
